
Microsoft Visual Studio Solution File, Format Version 12.00
# Visual Studio Version 16
VisualStudioVersion = 16.0.33423.256
MinimumVisualStudioVersion = 10.0.40219.1
Project("{FAE04EC0-301F-11D3-BF4B-00C04F79EFBC}") = "ThuVienVietHan", "ThuVienVietHan\ThuVienVietHan.csproj", "{89C35396-C687-429D-8F2D-7039444F724A}"
EndProject
Project("{FAE04EC0-301F-11D3-BF4B-00C04F79EFBC}") = "LopDungChung", "LopDungChung\LopDungChung.csproj", "{1D35AC6C-F47F-47FD-BA16-44BA8552DCE0}"
EndProject
Global
	GlobalSection(SolutionConfigurationPlatforms) = preSolution
		Debug|Any CPU = Debug|Any CPU
		Release|Any CPU = Release|Any CPU
	EndGlobalSection
	GlobalSection(ProjectConfigurationPlatforms) = postSolution
		{89C35396-C687-429D-8F2D-7039444F724A}.Debug|Any CPU.ActiveCfg = Debug|Any CPU
		{89C35396-C687-429D-8F2D-7039444F724A}.Debug|Any CPU.Build.0 = Debug|Any CPU
		{89C35396-C687-429D-8F2D-7039444F724A}.Release|Any CPU.ActiveCfg = Release|Any CPU
		{89C35396-C687-429D-8F2D-7039444F724A}.Release|Any CPU.Build.0 = Release|Any CPU
		{1D35AC6C-F47F-47FD-BA16-44BA8552DCE0}.Debug|Any CPU.ActiveCfg = Debug|Any CPU
		{1D35AC6C-F47F-47FD-BA16-44BA8552DCE0}.Debug|Any CPU.Build.0 = Debug|Any CPU
		{1D35AC6C-F47F-47FD-BA16-44BA8552DCE0}.Release|Any CPU.ActiveCfg = Release|Any CPU
		{1D35AC6C-F47F-47FD-BA16-44BA8552DCE0}.Release|Any CPU.Build.0 = Release|Any CPU
	EndGlobalSection
	GlobalSection(SolutionProperties) = preSolution
		HideSolutionNode = FALSE
	EndGlobalSection
	GlobalSection(ExtensibilityGlobals) = postSolution
		SolutionGuid = {8B8A4DFB-CAF4-45BA-92AF-5E359328E47E}
	EndGlobalSection
EndGlobal
